
Microsoft Visual Studio Solution File, Format Version 12.00
# Visual Studio Version 16
VisualStudioVersion = 16.0.29009.5
MinimumVisualStudioVersion = 10.0.40219.1
Project("{FAE04EC0-301F-11D3-BF4B-00C04F79EFBC}") = "lsFeed", "lsFeed.csproj", "{B459A582-AD1D-4CF5-8648-F4B828CD62C8}"
EndProject
Global
	GlobalSection(SolutionConfigurationPlatforms) = preSolution
		Debug|Any CPU = Debug|Any CPU
		Release|Any CPU = Release|Any CPU
	EndGlobalSection
	GlobalSection(ProjectConfigurationPlatforms) = postSolution
		{B459A582-AD1D-4CF5-8648-F4B828CD62C8}.Debug|Any CPU.ActiveCfg = Debug|Any CPU
		{B459A582-AD1D-4CF5-8648-F4B828CD62C8}.Debug|Any CPU.Build.0 = Debug|Any CPU
		{B459A582-AD1D-4CF5-8648-F4B828CD62C8}.Release|Any CPU.ActiveCfg = Release|Any CPU
		{B459A582-AD1D-4CF5-8648-F4B828CD62C8}.Release|Any CPU.Build.0 = Release|Any CPU
	EndGlobalSection
	GlobalSection(SolutionProperties) = preSolution
		HideSolutionNode = FALSE
	EndGlobalSection
	GlobalSection(ExtensibilityGlobals) = postSolution
		SolutionGuid = {60E67A1B-1C73-473F-B287-E311431C036D}
	EndGlobalSection
EndGlobal
